
Microsoft Visual Studio Solution File, Format Version 12.00
# Visual Studio 15
VisualStudioVersion = 15.0.28307.329
MinimumVisualStudioVersion = 10.0.40219.1
Project("{9A19103F-16F7-4668-BE54-9A1E7A4F7556}") = "Library", "Library\Library.csproj", "{37F71214-B4D9-4931-8FF9-36C198FCED39}"
EndProject
Project("{FAE04EC0-301F-11D3-BF4B-00C04F79EFBC}") = "LibraryTest", "LibraryTest\LibraryTest.csproj", "{04C9DE6A-6567-4728-AFCF-ADBFE64D2899}"
EndProject
Global
	GlobalSection(SolutionConfigurationPlatforms) = preSolution
		Debug|Any CPU = Debug|Any CPU
		Release|Any CPU = Release|Any CPU
	EndGlobalSection
	GlobalSection(ProjectConfigurationPlatforms) = postSolution
		{37F71214-B4D9-4931-8FF9-36C198FCED39}.Debug|Any CPU.ActiveCfg = Debug|Any CPU
		{37F71214-B4D9-4931-8FF9-36C198FCED39}.Debug|Any CPU.Build.0 = Debug|Any CPU
		{37F71214-B4D9-4931-8FF9-36C198FCED39}.Release|Any CPU.ActiveCfg = Release|Any CPU
		{37F71214-B4D9-4931-8FF9-36C198FCED39}.Release|Any CPU.Build.0 = Release|Any CPU
		{04C9DE6A-6567-4728-AFCF-ADBFE64D2899}.Debug|Any CPU.ActiveCfg = Debug|Any CPU
		{04C9DE6A-6567-4728-AFCF-ADBFE64D2899}.Debug|Any CPU.Build.0 = Debug|Any CPU
		{04C9DE6A-6567-4728-AFCF-ADBFE64D2899}.Release|Any CPU.ActiveCfg = Release|Any CPU
		{04C9DE6A-6567-4728-AFCF-ADBFE64D2899}.Release|Any CPU.Build.0 = Release|Any CPU
	EndGlobalSection
	GlobalSection(SolutionProperties) = preSolution
		HideSolutionNode = FALSE
	EndGlobalSection
	GlobalSection(ExtensibilityGlobals) = postSolution
		SolutionGuid = {0FE57B8A-579A-4806-AF4E-7A6D1058C41A}
	EndGlobalSection
EndGlobal
